
Microsoft Visual Studio Solution File, Format Version 12.00
# Visual Studio Version 16
VisualStudioVersion = 16.0.30413.136
MinimumVisualStudioVersion = 10.0.40219.1
Project("{888888A0-9F3D-457C-B088-3A5042F75D52}") = "othelos", "othelos.pyproj", "{02C1B9A4-3333-4900-BBB2-B9C4315EFF1A}"
EndProject
Global
	GlobalSection(SolutionConfigurationPlatforms) = preSolution
		Debug|Any CPU = Debug|Any CPU
		Release|Any CPU = Release|Any CPU
	EndGlobalSection
	GlobalSection(ProjectConfigurationPlatforms) = postSolution
		{02C1B9A4-3333-4900-BBB2-B9C4315EFF1A}.Debug|Any CPU.ActiveCfg = Debug|Any CPU
		{02C1B9A4-3333-4900-BBB2-B9C4315EFF1A}.Release|Any CPU.ActiveCfg = Release|Any CPU
	EndGlobalSection
	GlobalSection(SolutionProperties) = preSolution
		HideSolutionNode = FALSE
	EndGlobalSection
	GlobalSection(ExtensibilityGlobals) = postSolution
		SolutionGuid = {3FA0F505-D0D4-4840-8206-2F3670CA34F4}
	EndGlobalSection
EndGlobal
